github.com/jakeNoga/workspace_lib v1.0.1 h1:Prd3I5Yr4oUwEvev8wsJX/bdoeX2gKLWhDMIE/is1XQ=
github.com/jakeNoga/workspace_lib v1.0.1/go.mod h1:nQ1F7iXY7UTIOr623Sb3UF7vbsyySUx3r0dllc7GenA=
github.com/jakeNoga/workspace_lib/v2 v2.0.0 h1:QM6dQ0x82NSm0ZPiXUT8IoOoNHcLoicpZv6KrjMV5ZM=
github.com/jakeNoga/workspace_lib/v2 v2.0.0/go.mod h1:2xb8BVwWxeAK45Om/nRLPOPv7puTKpK6CDmwBElYZZ8=
